// !$*UTF8*$!
{
	archiveVersion = 1;
	classes = {
	};
	objectVersion = 46;
	objects = {

/* Begin PBXBuildFile section */
		30E046FF857B0D3592E55255 /* libPods-TBNetworkingTests.a in Frameworks */ = {isa = PBXBuildFile; fileRef = 615D1447EA584F2E710E6961 /* libPods-TBNetworkingTests.a */; };
		DB301F93FBF3F46A8C69F7BF /* libPods-TBNetworking.a in Frameworks */ = {isa = PBXBuildFile; fileRef = EA745D11C6699982B5EF1E79 /* libPods-TBNetworking.a */; };
		E57BC9A51B725FBE009DCB76 /* IDCardNumberAPIManager.m in Sources */ = {isa = PBXBuildFile; fileRef = E57BC9A21B725FBE009DCB76 /* IDCardNumberAPIManager.m */; };
		E57BC9A61B725FBE009DCB76 /* MobilePhoneAPIManager.m in Sources */ = {isa = PBXBuildFile; fileRef = E57BC9A41B725FBE009DCB76 /* MobilePhoneAPIManager.m */; };
		E57BC9AA1B725FCD009DCB76 /* AppDelegate.m in Sources */ = {isa = PBXBuildFile; fileRef = E57BC9A81B725FCD009DCB76 /* AppDelegate.m */; };
		E57BC9AB1B725FCD009DCB76 /* main.m in Sources */ = {isa = PBXBuildFile; fileRef = E57BC9A91B725FCD009DCB76 /* main.m */; };
		E57BC9AE1B725FF1009DCB76 /* ViewController.m in Sources */ = {isa = PBXBuildFile; fileRef = E57BC9AD1B725FF1009DCB76 /* ViewController.m */; };
		E5CB325F1B6B3B58009B680E /* TBJSONValidator.m in Sources */ = {isa = PBXBuildFile; fileRef = E5CB325E1B6B3B58009B680E /* TBJSONValidator.m */; };
		E5CB32621B6B5B9F009B680E /* TBAPIBatchManager.m in Sources */ = {isa = PBXBuildFile; fileRef = E5CB32611B6B5B9F009B680E /* TBAPIBatchManager.m */; };
		E5CB32651B6B6640009B680E /* TBAPIBatchManagerAgent.m in Sources */ = {isa = PBXBuildFile; fileRef = E5CB32641B6B6640009B680E /* TBAPIBatchManagerAgent.m */; };
		E5DD07001B6F411200CA08D3 /* ValidatorTests.m in Sources */ = {isa = PBXBuildFile; fileRef = E5DD06FF1B6F411200CA08D3 /* ValidatorTests.m */; };
		E5DD07031B6F62D700CA08D3 /* TBValidatorPredicate.m in Sources */ = {isa = PBXBuildFile; fileRef = E5DD07021B6F62D700CA08D3 /* TBValidatorPredicate.m */; };
		E5DF9DAA1B68CC7B00B45857 /* TBAPIBaseManager.m in Sources */ = {isa = PBXBuildFile; fileRef = E5DF9DA91B68CC7B00B45857 /* TBAPIBaseManager.m */; };
		E5DF9DB41B68EE5C00B45857 /* TBAPIProxy.m in Sources */ = {isa = PBXBuildFile; fileRef = E5DF9DB31B68EE5C00B45857 /* TBAPIProxy.m */; };
		E5DF9DBA1B6A064300B45857 /* TBLogger.m in Sources */ = {isa = PBXBuildFile; fileRef = E5DF9DB91B6A064300B45857 /* TBLogger.m */; };
		E5DF9DBD1B6A0AEE00B45857 /* TBAPIManager.m in Sources */ = {isa = PBXBuildFile; fileRef = E5DF9DBC1B6A0AEE00B45857 /* TBAPIManager.m */; };
		EB0A80651B6B567600DE1C0B /* TBAPIChainManager.m in Sources */ = {isa = PBXBuildFile; fileRef = EB0A80641B6B567600DE1C0B /* TBAPIChainManager.m */; };
		EB0A80681B6B613300DE1C0B /* TBAPIChainManagerAgent.m in Sources */ = {isa = PBXBuildFile; fileRef = EB0A80671B6B613300DE1C0B /* TBAPIChainManagerAgent.m */; };
		EB17D8681B6A665100D4E46D /* TBAPIResponse.m in Sources */ = {isa = PBXBuildFile; fileRef = EB17D8671B6A665100D4E46D /* TBAPIResponse.m */; };
		EBC264F21B68C2E800C07B74 /* Main.storyboard in Resources */ = {isa = PBXBuildFile; fileRef = EBC264F01B68C2E800C07B74 /* Main.storyboard */; };
		EBC264F41B68C2E800C07B74 /* Images.xcassets in Resources */ = {isa = PBXBuildFile; fileRef = EBC264F31B68C2E800C07B74 /* Images.xcassets */; };
		EBC264F71B68C2E800C07B74 /* LaunchScreen.xib in Resources */ = {isa = PBXBuildFile; fileRef = EBC264F51B68C2E800C07B74 /* LaunchScreen.xib */; };
		EBC265031B68C2E800C07B74 /* TBNetworkingTests.m in Sources */ = {isa = PBXBuildFile; fileRef = EBC265021B68C2E800C07B74 /* TBNetworkingTests.m */; };
/* End PBXBuildFile section */

/* Begin PBXContainerItemProxy section */
		EBC264FD1B68C2E800C07B74 /* PBXContainerItemProxy */ = {
			isa = PBXContainerItemProxy;
			containerPortal = EBC264DB1B68C2E800C07B74 /* Project object */;
			proxyType = 1;
			remoteGlobalIDString = EBC264E21B68C2E800C07B74;
			remoteInfo = TBNetworking;
		};
/* End PBXContainerItemProxy section */

/* Begin PBXFileReference section */
		55482E735C5C9EB3197EF6C2 /* Pods-TBNetworking.debug.xcconfig */ = {isa = PBXFileReference; includeInIndex = 1; lastKnownFileType = text.xcconfig; name = "Pods-TBNetworking.debug.xcconfig"; path = "Pods/Target Support Files/Pods-TBNetworking/Pods-TBNetworking.debug.xcconfig"; sourceTree = "<group>"; };
		615D1447EA584F2E710E6961 /* libPods-TBNetworkingTests.a */ = {isa = PBXFileReference; explicitFileType = archive.ar; includeInIndex = 0; path = "libPods-TBNetworkingTests.a"; sourceTree = BUILT_PRODUCTS_DIR; };
		948FB1EEE914B1A7BE831E87 /* Pods-TBNetworkingTests.release.xcconfig */ = {isa = PBXFileReference; includeInIndex = 1; lastKnownFileType = text.xcconfig; name = "Pods-TBNetworkingTests.release.xcconfig"; path = "Pods/Target Support Files/Pods-TBNetworkingTests/Pods-TBNetworkingTests.release.xcconfig"; sourceTree = "<group>"; };
		B614343AE7A800BCBA88FD18 /* Pods-TBNetworkingTests.debug.xcconfig */ = {isa = PBXFileReference; includeInIndex = 1; lastKnownFileType = text.xcconfig; name = "Pods-TBNetworkingTests.debug.xcconfig"; path = "Pods/Target Support Files/Pods-TBNetworkingTests/Pods-TBNetworkingTests.debug.xcconfig"; sourceTree = "<group>"; };
		C6E7F51099E21135FCCF06AD /* Pods-TBNetworking.release.xcconfig */ = {isa = PBXFileReference; includeInIndex = 1; lastKnownFileType = text.xcconfig; name = "Pods-TBNetworking.release.xcconfig"; path = "Pods/Target Support Files/Pods-TBNetworking/Pods-TBNetworking.release.xcconfig"; sourceTree = "<group>"; };
		E57BC9A11B725FBE009DCB76 /* IDCardNumberAPIManager.h */ = {isa = PBXFileReference; fileEncoding = 4; lastKnownFileType = sourcecode.c.h; name = IDCardNumberAPIManager.h; path = API/IDCardNumberAPIManager.h; sourceTree = "<group>"; };
		E57BC9A21B725FBE009DCB76 /* IDCardNumberAPIManager.m */ = {isa = PBXFileReference; fileEncoding = 4; lastKnownFileType = sourcecode.c.objc; name = IDCardNumberAPIManager.m; path = API/IDCardNumberAPIManager.m; sourceTree = "<group>"; };
		E57BC9A31B725FBE009DCB76 /* MobilePhoneAPIManager.h */ = {isa = PBXFileReference; fileEncoding = 4; lastKnownFileType = sourcecode.c.h; name = MobilePhoneAPIManager.h; path = API/MobilePhoneAPIManager.h; sourceTree = "<group>"; };
		E57BC9A41B725FBE009DCB76 /* MobilePhoneAPIManager.m */ = {isa = PBXFileReference; fileEncoding = 4; lastKnownFileType = sourcecode.c.objc; name = MobilePhoneAPIManager.m; path = API/MobilePhoneAPIManager.m; sourceTree = "<group>"; };
		E57BC9A71B725FCD009DCB76 /* AppDelegate.h */ = {isa = PBXFileReference; fileEncoding = 4; lastKnownFileType = sourcecode.c.h; name = AppDelegate.h; path = other/AppDelegate.h; sourceTree = "<group>"; };
		E57BC9A81B725FCD009DCB76 /* AppDelegate.m */ = {isa = PBXFileReference; fileEncoding = 4; lastKnownFileType = sourcecode.c.objc; name = AppDelegate.m; path = other/AppDelegate.m; sourceTree = "<group>"; };
		E57BC9A91B725FCD009DCB76 /* main.m */ = {isa = PBXFileReference; fileEncoding = 4; lastKnownFileType = sourcecode.c.objc; name = main.m; path = other/main.m; sourceTree = "<group>"; };
		E57BC9AC1B725FF1009DCB76 /* ViewController.h */ = {isa = PBXFileReference; fileEncoding = 4; lastKnownFileType = sourcecode.c.h; name = ViewController.h; path = ViewController/ViewController.h; sourceTree = "<group>"; };
		E57BC9AD1B725FF1009DCB76 /* ViewController.m */ = {isa = PBXFileReference; fileEncoding = 4; lastKnownFileType = sourcecode.c.objc; name = ViewController.m; path = ViewController/ViewController.m; sourceTree = "<group>"; };
		E5CB325D1B6B3B58009B680E /* TBJSONValidator.h */ = {isa = PBXFileReference; fileEncoding = 4; lastKnownFileType = sourcecode.c.h; path = TBJSONValidator.h; sourceTree = "<group>"; };
		E5CB325E1B6B3B58009B680E /* TBJSONValidator.m */ = {isa = PBXFileReference; fileEncoding = 4; lastKnownFileType = sourcecode.c.objc; path = TBJSONValidator.m; sourceTree = "<group>"; };
		E5CB32601B6B5B9F009B680E /* TBAPIBatchManager.h */ = {isa = PBXFileReference; fileEncoding = 4; lastKnownFileType = sourcecode.c.h; path = TBAPIBatchManager.h; sourceTree = "<group>"; };
		E5CB32611B6B5B9F009B680E /* TBAPIBatchManager.m */ = {isa = PBXFileReference; fileEncoding = 4; lastKnownFileType = sourcecode.c.objc; path = TBAPIBatchManager.m; sourceTree = "<group>"; };
		E5CB32631B6B6640009B680E /* TBAPIBatchManagerAgent.h */ = {isa = PBXFileReference; fileEncoding = 4; lastKnownFileType = sourcecode.c.h; path = TBAPIBatchManagerAgent.h; sourceTree = "<group>"; };
		E5CB32641B6B6640009B680E /* TBAPIBatchManagerAgent.m */ = {isa = PBXFileReference; fileEncoding = 4; lastKnownFileType = sourcecode.c.objc; path = TBAPIBatchManagerAgent.m; sourceTree = "<group>"; };
		E5DD06FF1B6F411200CA08D3 /* ValidatorTests.m */ = {isa = PBXFileReference; fileEncoding = 4; lastKnownFileType = sourcecode.c.objc; path = ValidatorTests.m; sourceTree = "<group>"; };
		E5DD07011B6F62D700CA08D3 /* TBValidatorPredicate.h */ = {isa = PBXFileReference; fileEncoding = 4; lastKnownFileType = sourcecode.c.h; path = TBValidatorPredicate.h; sourceTree = "<group>"; };
		E5DD07021B6F62D700CA08D3 /* TBValidatorPredicate.m */ = {isa = PBXFileReference; fileEncoding = 4; lastKnownFileType = sourcecode.c.objc; path = TBValidatorPredicate.m; sourceTree = "<group>"; };
		E5DF9DA81B68CC7B00B45857 /* TBAPIBaseManager.h */ = {isa = PBXFileReference; fileEncoding = 4; lastKnownFileType = sourcecode.c.h; path = TBAPIBaseManager.h; sourceTree = "<group>"; };
		E5DF9DA91B68CC7B00B45857 /* TBAPIBaseManager.m */ = {isa = PBXFileReference; fileEncoding = 4; lastKnownFileType = sourcecode.c.objc; path = TBAPIBaseManager.m; sourceTree = "<group>"; };
		E5DF9DB21B68EE5C00B45857 /* TBAPIProxy.h */ = {isa = PBXFileReference; fileEncoding = 4; lastKnownFileType = sourcecode.c.h; path = TBAPIProxy.h; sourceTree = "<group>"; };
		E5DF9DB31B68EE5C00B45857 /* TBAPIProxy.m */ = {isa = PBXFileReference; fileEncoding = 4; lastKnownFileType = sourcecode.c.objc; path = TBAPIProxy.m; sourceTree = "<group>"; };
		E5DF9DB81B6A064300B45857 /* TBLogger.h */ = {isa = PBXFileReference; fileEncoding = 4; lastKnownFileType = sourcecode.c.h; path = TBLogger.h; sourceTree = "<group>"; };
		E5DF9DB91B6A064300B45857 /* TBLogger.m */ = {isa = PBXFileReference; fileEncoding = 4; lastKnownFileType = sourcecode.c.objc; path = TBLogger.m; sourceTree = "<group>"; };
		E5DF9DBB1B6A0AEE00B45857 /* TBAPIManager.h */ = {isa = PBXFileReference; fileEncoding = 4; lastKnownFileType = sourcecode.c.h; path = TBAPIManager.h; sourceTree = "<group>"; };
		E5DF9DBC1B6A0AEE00B45857 /* TBAPIManager.m */ = {isa = PBXFileReference; fileEncoding = 4; lastKnownFileType = sourcecode.c.objc; path = TBAPIManager.m; sourceTree = "<group>"; };
		E5DF9DC31B6B10DF00B45857 /* TBNetworking.h */ = {isa = PBXFileReference; lastKnownFileType = sourcecode.c.h; path = TBNetworking.h; sourceTree = "<group>"; };
		EA745D11C6699982B5EF1E79 /* libPods-TBNetworking.a */ = {isa = PBXFileReference; explicitFileType = archive.ar; includeInIndex = 0; path = "libPods-TBNetworking.a"; sourceTree = BUILT_PRODUCTS_DIR; };
		EB0A80631B6B567600DE1C0B /* TBAPIChainManager.h */ = {isa = PBXFileReference; fileEncoding = 4; lastKnownFileType = sourcecode.c.h; path = TBAPIChainManager.h; sourceTree = "<group>"; };
		EB0A80641B6B567600DE1C0B /* TBAPIChainManager.m */ = {isa = PBXFileReference; fileEncoding = 4; lastKnownFileType = sourcecode.c.objc; path = TBAPIChainManager.m; sourceTree = "<group>"; };
		EB0A80661B6B613300DE1C0B /* TBAPIChainManagerAgent.h */ = {isa = PBXFileReference; fileEncoding = 4; lastKnownFileType = sourcecode.c.h; path = TBAPIChainManagerAgent.h; sourceTree = "<group>"; };
		EB0A80671B6B613300DE1C0B /* TBAPIChainManagerAgent.m */ = {isa = PBXFileReference; fileEncoding = 4; lastKnownFileType = sourcecode.c.objc; path = TBAPIChainManagerAgent.m; sourceTree = "<group>"; };
		EB17D8661B6A665100D4E46D /* TBAPIResponse.h */ = {isa = PBXFileReference; fileEncoding = 4; lastKnownFileType = sourcecode.c.h; path = TBAPIResponse.h; sourceTree = "<group>"; };
		EB17D8671B6A665100D4E46D /* TBAPIResponse.m */ = {isa = PBXFileReference; fileEncoding = 4; lastKnownFileType = sourcecode.c.objc; path = TBAPIResponse.m; sourceTree = "<group>"; };
		EBC264E31B68C2E800C07B74 /* TBNetworking.app */ = {isa = PBXFileReference; explicitFileType = wrapper.application; includeInIndex = 0; path = TBNetworking.app; sourceTree = BUILT_PRODUCTS_DIR; };
		EBC264E71B68C2E800C07B74 /* Info.plist */ = {isa = PBXFileReference; lastKnownFileType = text.plist.xml; path = Info.plist; sourceTree = "<group>"; };
		EBC264F11B68C2E800C07B74 /* Base */ = {isa = PBXFileReference; lastKnownFileType = file.storyboard; name = Base; path = Base.lproj/Main.storyboard; sourceTree = "<group>"; };
		EBC264F31B68C2E800C07B74 /* Images.xcassets */ = {isa = PBXFileReference; lastKnownFileType = folder.assetcatalog; path = Images.xcassets; sourceTree = "<group>"; };
		EBC264F61B68C2E800C07B74 /* Base */ = {isa = PBXFileReference; lastKnownFileType = file.xib; name = Base; path = Base.lproj/LaunchScreen.xib; sourceTree = "<group>"; };
		EBC264FC1B68C2E800C07B74 /* TBNetworkingTests.xctest */ = {isa = PBXFileReference; explicitFileType = wrapper.cfbundle; includeInIndex = 0; path = TBNetworkingTests.xctest; sourceTree = BUILT_PRODUCTS_DIR; };
		EBC265011B68C2E800C07B74 /* Info.plist */ = {isa = PBXFileReference; lastKnownFileType = text.plist.xml; path = Info.plist; sourceTree = "<group>"; };
		EBC265021B68C2E800C07B74 /* TBNetworkingTests.m */ = {isa = PBXFileReference; lastKnownFileType = sourcecode.c.objc; path = TBNetworkingTests.m; sourceTree = "<group>"; };
/* End PBXFileReference section */

/* Begin PBXFrameworksBuildPhase section */
		EBC264E01B68C2E800C07B74 /* Frameworks */ = {
			isa = PBXFrameworksBuildPhase;
			buildActionMask = 2147483647;
			files = (
				DB301F93FBF3F46A8C69F7BF /* libPods-TBNetworking.a in Frameworks */,
			);
			runOnlyForDeploymentPostprocessing = 0;
		};
		EBC264F91B68C2E800C07B74 /* Frameworks */ = {
			isa = PBXFrameworksBuildPhase;
			buildActionMask = 2147483647;
			files = (
				30E046FF857B0D3592E55255 /* libPods-TBNetworkingTests.a in Frameworks */,
			);
			runOnlyForDeploymentPostprocessing = 0;
		};
/* End PBXFrameworksBuildPhase section */

/* Begin PBXGroup section */
		E5DF9DA71B68C5AC00B45857 /* TBNetworking */ = {
			isa = PBXGroup;
			children = (
				E57BC9AC1B725FF1009DCB76 /* ViewController.h */,
				E57BC9AD1B725FF1009DCB76 /* ViewController.m */,
				E57BC9A71B725FCD009DCB76 /* AppDelegate.h */,
				E57BC9A81B725FCD009DCB76 /* AppDelegate.m */,
				E5DF9DC21B6A25F100B45857 /* VaildatorComponents */,
				E5DF9DC11B6A25CB00B45857 /* LoggerComponents */,
				E5DF9DC31B6B10DF00B45857 /* TBNetworking.h */,
				E5DF9DA81B68CC7B00B45857 /* TBAPIBaseManager.h */,
				E5DF9DA91B68CC7B00B45857 /* TBAPIBaseManager.m */,
				EB0A80631B6B567600DE1C0B /* TBAPIChainManager.h */,
				EB0A80641B6B567600DE1C0B /* TBAPIChainManager.m */,
				EB0A80661B6B613300DE1C0B /* TBAPIChainManagerAgent.h */,
				EB0A80671B6B613300DE1C0B /* TBAPIChainManagerAgent.m */,
				E5DF9DBB1B6A0AEE00B45857 /* TBAPIManager.h */,
				E5DF9DBC1B6A0AEE00B45857 /* TBAPIManager.m */,
				E5CB32601B6B5B9F009B680E /* TBAPIBatchManager.h */,
				E5CB32611B6B5B9F009B680E /* TBAPIBatchManager.m */,
				E5CB32631B6B6640009B680E /* TBAPIBatchManagerAgent.h */,
				E5CB32641B6B6640009B680E /* TBAPIBatchManagerAgent.m */,
				EB17D8661B6A665100D4E46D /* TBAPIResponse.h */,
				EB17D8671B6A665100D4E46D /* TBAPIResponse.m */,
				E5DF9DB21B68EE5C00B45857 /* TBAPIProxy.h */,
				E5DF9DB31B68EE5C00B45857 /* TBAPIProxy.m */,
			);
			name = TBNetworking;
			sourceTree = "<group>";
		};
		E5DF9DAE1B68D27600B45857 /* API */ = {
			isa = PBXGroup;
			children = (
				E57BC9A11B725FBE009DCB76 /* IDCardNumberAPIManager.h */,
				E57BC9A21B725FBE009DCB76 /* IDCardNumberAPIManager.m */,
				E57BC9A31B725FBE009DCB76 /* MobilePhoneAPIManager.h */,
				E57BC9A41B725FBE009DCB76 /* MobilePhoneAPIManager.m */,
			);
			name = API;
			sourceTree = "<group>";
		};
		E5DF9DC11B6A25CB00B45857 /* LoggerComponents */ = {
			isa = PBXGroup;
			children = (
				E5DF9DB81B6A064300B45857 /* TBLogger.h */,
				E5DF9DB91B6A064300B45857 /* TBLogger.m */,
			);
			name = LoggerComponents;
			sourceTree = "<group>";
		};
		E5DF9DC21B6A25F100B45857 /* VaildatorComponents */ = {
			isa = PBXGroup;
			children = (
				E5CB325D1B6B3B58009B680E /* TBJSONValidator.h */,
				E5CB325E1B6B3B58009B680E /* TBJSONValidator.m */,
				E5DD07011B6F62D700CA08D3 /* TBValidatorPredicate.h */,
				E5DD07021B6F62D700CA08D3 /* TBValidatorPredicate.m */,
			);
			name = VaildatorComponents;
			sourceTree = "<group>";
		};
		EBC264DA1B68C2E800C07B74 = {
			isa = PBXGroup;
			children = (
				EBC264E51B68C2E800C07B74 /* TBNetworking */,
				EBC264FF1B68C2E800C07B74 /* TBNetworkingTests */,
				EBC264E41B68C2E800C07B74 /* Products */,
				FE3C1A34A958FE8B6B212EDF /* Pods */,
				FE068DF5A55C8715944C17F5 /* Frameworks */,
			);
			sourceTree = "<group>";
		};
		EBC264E41B68C2E800C07B74 /* Products */ = {
			isa = PBXGroup;
			children = (
				EBC264E31B68C2E800C07B74 /* TBNetworking.app */,
				EBC264FC1B68C2E800C07B74 /* TBNetworkingTests.xctest */,
			);
			name = Products;
			sourceTree = "<group>";
		};
		EBC264E51B68C2E800C07B74 /* TBNetworking */ = {
			isa = PBXGroup;
			children = (
				E5DF9DAE1B68D27600B45857 /* API */,
				E5DF9DA71B68C5AC00B45857 /* TBNetworking */,
				EBC264F01B68C2E800C07B74 /* Main.storyboard */,
				EBC264F31B68C2E800C07B74 /* Images.xcassets */,
				EBC264F51B68C2E800C07B74 /* LaunchScreen.xib */,
				EBC264E61B68C2E800C07B74 /* Supporting Files */,
			);
			path = TBNetworking;
			sourceTree = "<group>";
		};
		EBC264E61B68C2E800C07B74 /* Supporting Files */ = {
			isa = PBXGroup;
			children = (
				E57BC9A91B725FCD009DCB76 /* main.m */,
				EBC264E71B68C2E800C07B74 /* Info.plist */,
			);
			name = "Supporting Files";
			sourceTree = "<group>";
		};
		EBC264FF1B68C2E800C07B74 /* TBNetworkingTests */ = {
			isa = PBXGroup;
			children = (
				EBC265021B68C2E800C07B74 /* TBNetworkingTests.m */,
				E5DD06FF1B6F411200CA08D3 /* ValidatorTests.m */,
				EBC265001B68C2E800C07B74 /* Supporting Files */,
			);
			path = TBNetworkingTests;
			sourceTree = "<group>";
		};
		EBC265001B68C2E800C07B74 /* Supporting Files */ = {
			isa = PBXGroup;
			children = (
				EBC265011B68C2E800C07B74 /* Info.plist */,
			);
			name = "Supporting Files";
			sourceTree = "<group>";
		};
		FE068DF5A55C8715944C17F5 /* Frameworks */ = {
			isa = PBXGroup;
			children = (
				EA745D11C6699982B5EF1E79 /* libPods-TBNetworking.a */,
				615D1447EA584F2E710E6961 /* libPods-TBNetworkingTests.a */,
			);
			name = Frameworks;
			sourceTree = "<group>";
		};
		FE3C1A34A958FE8B6B212EDF /* Pods */ = {
			isa = PBXGroup;
			children = (
				55482E735C5C9EB3197EF6C2 /* Pods-TBNetworking.debug.xcconfig */,
				C6E7F51099E21135FCCF06AD /* Pods-TBNetworking.release.xcconfig */,
				B614343AE7A800BCBA88FD18 /* Pods-TBNetworkingTests.debug.xcconfig */,
				948FB1EEE914B1A7BE831E87 /* Pods-TBNetworkingTests.release.xcconfig */,
			);
			name = Pods;
			sourceTree = "<group>";
		};
/* End PBXGroup section */

/* Begin PBXNativeTarget section */
		EBC264E21B68C2E800C07B74 /* TBNetworking */ = {
			isa = PBXNativeTarget;
			buildConfigurationList = EBC265061B68C2E800C07B74 /* Build configuration list for PBXNativeTarget "TBNetworking" */;
			buildPhases = (
				3EE7D6E40051517360661EF1 /* Check Pods Manifest.lock */,
				EBC264DF1B68C2E800C07B74 /* Sources */,
				EBC264E01B68C2E800C07B74 /* Frameworks */,
				EBC264E11B68C2E800C07B74 /* Resources */,
				8A1AFF468CF6F1782032780C /* Copy Pods Resources */,
			);
			buildRules = (
			);
			dependencies = (
			);
			name = TBNetworking;
			productName = TBNetworking;
			productReference = EBC264E31B68C2E800C07B74 /* TBNetworking.app */;
			productType = "com.apple.product-type.application";
		};
		EBC264FB1B68C2E800C07B74 /* TBNetworkingTests */ = {
			isa = PBXNativeTarget;
			buildConfigurationList = EBC265091B68C2E800C07B74 /* Build configuration list for PBXNativeTarget "TBNetworkingTests" */;
			buildPhases = (
				8255E2361118A14AD2D994BB /* Check Pods Manifest.lock */,
				EBC264F81B68C2E800C07B74 /* Sources */,
				EBC264F91B68C2E800C07B74 /* Frameworks */,
				EBC264FA1B68C2E800C07B74 /* Resources */,
				0EBE4385520ED99F9118C27D /* Copy Pods Resources */,
			);
			buildRules = (
			);
			dependencies = (
				EBC264FE1B68C2E800C07B74 /* PBXTargetDependency */,
			);
			name = TBNetworkingTests;
			productName = TBNetworkingTests;
			productReference = EBC264FC1B68C2E800C07B74 /* TBNetworkingTests.xctest */;
			productType = "com.apple.product-type.bundle.unit-test";
		};
/* End PBXNativeTarget section */

/* Begin PBXProject section */
		EBC264DB1B68C2E800C07B74 /* Project object */ = {
			isa = PBXProject;
			attributes = {
				LastUpgradeCheck = 0640;
				ORGANIZATIONNAME = Teambition;
				TargetAttributes = {
					EBC264E21B68C2E800C07B74 = {
						CreatedOnToolsVersion = 6.4;
					};
					EBC264FB1B68C2E800C07B74 = {
						CreatedOnToolsVersion = 6.4;
						TestTargetID = EBC264E21B68C2E800C07B74;
					};
				};
			};
			buildConfigurationList = EBC264DE1B68C2E800C07B74 /* Build configuration list for PBXProject "TBNetworking" */;
			compatibilityVersion = "Xcode 3.2";
			developmentRegion = English;
			hasScannedForEncodings = 0;
			knownRegions = (
				en,
				Base,
			);
			mainGroup = EBC264DA1B68C2E800C07B74;
			productRefGroup = EBC264E41B68C2E800C07B74 /* Products */;
			projectDirPath = "";
			projectRoot = "";
			targets = (
				EBC264E21B68C2E800C07B74 /* TBNetworking */,
				EBC264FB1B68C2E800C07B74 /* TBNetworkingTests */,
			);
		};
/* End PBXProject section */

/* Begin PBXResourcesBuildPhase section */
		EBC264E11B68C2E800C07B74 /* Resources */ = {
			isa = PBXResourcesBuildPhase;
			buildActionMask = 2147483647;
			files = (
				EBC264F21B68C2E800C07B74 /* Main.storyboard in Resources */,
				EBC264F71B68C2E800C07B74 /* LaunchScreen.xib in Resources */,
				EBC264F41B68C2E800C07B74 /* Images.xcassets in Resources */,
			);
			runOnlyForDeploymentPostprocessing = 0;
		};
		EBC264FA1B68C2E800C07B74 /* Resources */ = {
			isa = PBXResourcesBuildPhase;
			buildActionMask = 2147483647;
			files = (
			);
			runOnlyForDeploymentPostprocessing = 0;
		};
/* End PBXResourcesBuildPhase section */

/* Begin PBXShellScriptBuildPhase section */
		0EBE4385520ED99F9118C27D /* Copy Pods Resources */ = {
			isa = PBXShellScriptBuildPhase;
			buildActionMask = 2147483647;
			files = (
			);
			inputPaths = (
			);
			name = "Copy Pods Resources";
			outputPaths = (
			);
			runOnlyForDeploymentPostprocessing = 0;
			shellPath = /bin/sh;
			shellScript = "\"${SRCROOT}/Pods/Target Support Files/Pods-TBNetworkingTests/Pods-TBNetworkingTests-resources.sh\"\n";
			showEnvVarsInLog = 0;
		};
		3EE7D6E40051517360661EF1 /* Check Pods Manifest.lock */ = {
			isa = PBXShellScriptBuildPhase;
			buildActionMask = 2147483647;
			files = (
			);
			inputPaths = (
			);
			name = "Check Pods Manifest.lock";
			outputPaths = (
			);
			runOnlyForDeploymentPostprocessing = 0;
			shellPath = /bin/sh;
			shellScript = "diff \"${PODS_ROOT}/../Podfile.lock\" \"${PODS_ROOT}/Manifest.lock\" > /dev/null\nif [[ $? != 0 ]] ; then\n    cat << EOM\nerror: The sandbox is not in sync with the Podfile.lock. Run 'pod install' or update your CocoaPods installation.\nEOM\n    exit 1\nfi\n";
			showEnvVarsInLog = 0;
		};
		8255E2361118A14AD2D994BB /* Check Pods Manifest.lock */ = {
			isa = PBXShellScriptBuildPhase;
			buildActionMask = 2147483647;
			files = (
			);
			inputPaths = (
			);
			name = "Check Pods Manifest.lock";
			outputPaths = (
			);
			runOnlyForDeploymentPostprocessing = 0;
			shellPath = /bin/sh;
			shellScript = "diff \"${PODS_ROOT}/../Podfile.lock\" \"${PODS_ROOT}/Manifest.lock\" > /dev/null\nif [[ $? != 0 ]] ; then\n    cat << EOM\nerror: The sandbox is not in sync with the Podfile.lock. Run 'pod install' or update your CocoaPods installation.\nEOM\n    exit 1\nfi\n";
			showEnvVarsInLog = 0;
		};
		8A1AFF468CF6F1782032780C /* Copy Pods Resources */ = {
			isa = PBXShellScriptBuildPhase;
			buildActionMask = 2147483647;
			files = (
			);
			inputPaths = (
			);
			name = "Copy Pods Resources";
			outputPaths = (
			);
			runOnlyForDeploymentPostprocessing = 0;
			shellPath = /bin/sh;
			shellScript = "\"${SRCROOT}/Pods/Target Support Files/Pods-TBNetworking/Pods-TBNetworking-resources.sh\"\n";
			showEnvVarsInLog = 0;
		};
/* End PBXShellScriptBuildPhase section */

/* Begin PBXSourcesBuildPhase section */
		EBC264DF1B68C2E800C07B74 /* Sources */ = {
			isa = PBXSourcesBuildPhase;
			buildActionMask = 2147483647;
			files = (
				E5CB325F1B6B3B58009B680E /* TBJSONValidator.m in Sources */,
				E5CB32651B6B6640009B680E /* TBAPIBatchManagerAgent.m in Sources */,
				E5DF9DB41B68EE5C00B45857 /* TBAPIProxy.m in Sources */,
				E5DD07031B6F62D700CA08D3 /* TBValidatorPredicate.m in Sources */,
				E5CB32621B6B5B9F009B680E /* TBAPIBatchManager.m in Sources */,
				E5DF9DBD1B6A0AEE00B45857 /* TBAPIManager.m in Sources */,
				E57BC9AB1B725FCD009DCB76 /* main.m in Sources */,
				E57BC9A51B725FBE009DCB76 /* IDCardNumberAPIManager.m in Sources */,
				E57BC9A61B725FBE009DCB76 /* MobilePhoneAPIManager.m in Sources */,
				E5DF9DBA1B6A064300B45857 /* TBLogger.m in Sources */,
				E57BC9AE1B725FF1009DCB76 /* ViewController.m in Sources */,
				EB0A80651B6B567600DE1C0B /* TBAPIChainManager.m in Sources */,
				EB0A80681B6B613300DE1C0B /* TBAPIChainManagerAgent.m in Sources */,
				EB17D8681B6A665100D4E46D /* TBAPIResponse.m in Sources */,
				E5DF9DAA1B68CC7B00B45857 /* TBAPIBaseManager.m in Sources */,
				E57BC9AA1B725FCD009DCB76 /* AppDelegate.m in Sources */,
			);
			runOnlyForDeploymentPostprocessing = 0;
		};
		EBC264F81B68C2E800C07B74 /* Sources */ = {
			isa = PBXSourcesBuildPhase;
			buildActionMask = 2147483647;
			files = (
				E5DD07001B6F411200CA08D3 /* ValidatorTests.m in Sources */,
				EBC265031B68C2E800C07B74 /* TBNetworkingTests.m in Sources */,
			);
			runOnlyForDeploymentPostprocessing = 0;
		};
/* End PBXSourcesBuildPhase section */

/* Begin PBXTargetDependency section */
		EBC264FE1B68C2E800C07B74 /* PBXTargetDependency */ = {
			isa = PBXTargetDependency;
			target = EBC264E21B68C2E800C07B74 /* TBNetworking */;
			targetProxy = EBC264FD1B68C2E800C07B74 /* PBXContainerItemProxy */;
		};
/* End PBXTargetDependency section */

/* Begin PBXVariantGroup section */
		EBC264F01B68C2E800C07B74 /* Main.storyboard */ = {
			isa = PBXVariantGroup;
			children = (
				EBC264F11B68C2E800C07B74 /* Base */,
			);
			name = Main.storyboard;
			sourceTree = "<group>";
		};
		EBC264F51B68C2E800C07B74 /* LaunchScreen.xib */ = {
			isa = PBXVariantGroup;
			children = (
				EBC264F61B68C2E800C07B74 /* Base */,
			);
			name = LaunchScreen.xib;
			sourceTree = "<group>";
		};
/* End PBXVariantGroup section */

/* Begin XCBuildConfiguration section */
		EBC265041B68C2E800C07B74 /* Debug */ = {
			isa = XCBuildConfiguration;
			buildSettings = {
				ALWAYS_SEARCH_USER_PATHS = NO;
				CLANG_CXX_LANGUAGE_STANDARD = "gnu++0x";
				CLANG_CXX_LIBRARY = "libc++";
				CLANG_ENABLE_MODULES = YES;
				CLANG_ENABLE_OBJC_ARC = YES;
				CLANG_WARN_BOOL_CONVERSION = YES;
				CLANG_WARN_CONSTANT_CONVERSION = YES;
				CLANG_WARN_DIRECT_OBJC_ISA_USAGE = YES_ERROR;
				CLANG_WARN_EMPTY_BODY = YES;
				CLANG_WARN_ENUM_CONVERSION = YES;
				CLANG_WARN_INT_CONVERSION = YES;
				CLANG_WARN_OBJC_ROOT_CLASS = YES_ERROR;
				CLANG_WARN_UNREACHABLE_CODE = YES;
				CLANG_WARN__DUPLICATE_METHOD_MATCH = YES;
				"CODE_SIGN_IDENTITY[sdk=iphoneos*]" = "iPhone Developer";
				COPY_PHASE_STRIP = NO;
				DEBUG_INFORMATION_FORMAT = "dwarf-with-dsym";
				ENABLE_STRICT_OBJC_MSGSEND = YES;
				GCC_C_LANGUAGE_STANDARD = gnu99;
				GCC_DYNAMIC_NO_PIC = NO;
				GCC_NO_COMMON_BLOCKS = YES;
				GCC_OPTIMIZATION_LEVEL = 0;
				GCC_PREPROCESSOR_DEFINITIONS = (
					"DEBUG=1",
					"$(inherited)",
				);
				GCC_SYMBOLS_PRIVATE_EXTERN = NO;
				GCC_WARN_64_TO_32_BIT_CONVERSION = YES;
				GCC_WARN_ABOUT_RETURN_TYPE = YES_ERROR;
				GCC_WARN_UNDECLARED_SELECTOR = YES;
				GCC_WARN_UNINITIALIZED_AUTOS = YES_AGGRESSIVE;
				GCC_WARN_UNUSED_FUNCTION = YES;
				GCC_WARN_UNUSED_VARIABLE = YES;
				IPHONEOS_DEPLOYMENT_TARGET = 8.4;
				MTL_ENABLE_DEBUG_INFO = YES;
				ONLY_ACTIVE_ARCH = YES;
				SDKROOT = iphoneos;
			};
			name = Debug;
		};
		EBC265051B68C2E800C07B74 /* Release */ = {
			isa = XCBuildConfiguration;
			buildSettings = {
				ALWAYS_SEARCH_USER_PATHS = NO;
				CLANG_CXX_LANGUAGE_STANDARD = "gnu++0x";
				CLANG_CXX_LIBRARY = "libc++";
				CLANG_ENABLE_MODULES = YES;
				CLANG_ENABLE_OBJC_ARC = YES;
				CLANG_WARN_BOOL_CONVERSION = YES;
				CLANG_WARN_CONSTANT_CONVERSION = YES;
				CLANG_WARN_DIRECT_OBJC_ISA_USAGE = YES_ERROR;
				CLANG_WARN_EMPTY_BODY = YES;
				CLANG_WARN_ENUM_CONVERSION = YES;
				CLANG_WARN_INT_CONVERSION = YES;
				CLANG_WARN_OBJC_ROOT_CLASS = YES_ERROR;
				CLANG_WARN_UNREACHABLE_CODE = YES;
				CLANG_WARN__DUPLICATE_METHOD_MATCH = YES;
				"CODE_SIGN_IDENTITY[sdk=iphoneos*]" = "iPhone Developer";
				COPY_PHASE_STRIP = NO;
				DEBUG_INFORMATION_FORMAT = "dwarf-with-dsym";
				ENABLE_NS_ASSERTIONS = NO;
				ENABLE_STRICT_OBJC_MSGSEND = YES;
				GCC_C_LANGUAGE_STANDARD = gnu99;
				GCC_NO_COMMON_BLOCKS = YES;
				GCC_WARN_64_TO_32_BIT_CONVERSION = YES;
				GCC_WARN_ABOUT_RETURN_TYPE = YES_ERROR;
				GCC_WARN_UNDECLARED_SELECTOR = YES;
				GCC_WARN_UNINITIALIZED_AUTOS = YES_AGGRESSIVE;
				GCC_WARN_UNUSED_FUNCTION = YES;
				GCC_WARN_UNUSED_VARIABLE = YES;
				IPHONEOS_DEPLOYMENT_TARGET = 8.4;
				MTL_ENABLE_DEBUG_INFO = NO;
				SDKROOT = iphoneos;
				VALIDATE_PRODUCT = YES;
			};
			name = Release;
		};
		EBC265071B68C2E800C07B74 /* Debug */ = {
			isa = XCBuildConfiguration;
			baseConfigurationReference = 55482E735C5C9EB3197EF6C2 /* Pods-TBNetworking.debug.xcconfig */;
			buildSettings = {
				ASSETCATALOG_COMPILER_APPICON_NAME = AppIcon;
				INFOPLIST_FILE = TBNetworking/Info.plist;
				LD_RUNPATH_SEARCH_PATHS = "$(inherited) @executable_path/Frameworks";
				PRODUCT_NAME = "$(TARGET_NAME)";
			};
			name = Debug;
		};
		EBC265081B68C2E800C07B74 /* Release */ = {
			isa = XCBuildConfiguration;
			baseConfigurationReference = C6E7F51099E21135FCCF06AD /* Pods-TBNetworking.release.xcconfig */;
			buildSettings = {
				ASSETCATALOG_COMPILER_APPICON_NAME = AppIcon;
				INFOPLIST_FILE = TBNetworking/Info.plist;
				LD_RUNPATH_SEARCH_PATHS = "$(inherited) @executable_path/Frameworks";
				PRODUCT_NAME = "$(TARGET_NAME)";
			};
			name = Release;
		};
		EBC2650A1B68C2E800C07B74 /* Debug */ = {
			isa = XCBuildConfiguration;
			baseConfigurationReference = B614343AE7A800BCBA88FD18 /* Pods-TBNetworkingTests.debug.xcconfig */;
			buildSettings = {
				BUNDLE_LOADER = "$(TEST_HOST)";
				FRAMEWORK_SEARCH_PATHS = (
					"$(SDKROOT)/Developer/Library/Frameworks",
					"$(inherited)",
				);
				GCC_PREPROCESSOR_DEFINITIONS = (
					"DEBUG=1",
					"$(inherited)",
				);
				INFOPLIST_FILE = TBNetworkingTests/Info.plist;
				LD_RUNPATH_SEARCH_PATHS = "$(inherited) @executable_path/Frameworks @loader_path/Frameworks";
				PRODUCT_NAME = "$(TARGET_NAME)";
				TEST_HOST = "$(BUILT_PRODUCTS_DIR)/TBNetworking.app/TBNetworking";
			};
			name = Debug;
		};
		EBC2650B1B68C2E800C07B74 /* Release */ = {
			isa = XCBuildConfiguration;
			baseConfigurationReference = 948FB1EEE914B1A7BE831E87 /* Pods-TBNetworkingTests.release.xcconfig */;
			buildSettings = {
				BUNDLE_LOADER = "$(TEST_HOST)";
				FRAMEWORK_SEARCH_PATHS = (
					"$(SDKROOT)/Developer/Library/Frameworks",
					"$(inherited)",
				);
				INFOPLIST_FILE = TBNetworkingTests/Info.plist;
				LD_RUNPATH_SEARCH_PATHS = "$(inherited) @executable_path/Frameworks @loader_path/Frameworks";
				PRODUCT_NAME = "$(TARGET_NAME)";
				TEST_HOST = "$(BUILT_PRODUCTS_DIR)/TBNetworking.app/TBNetworking";
			};
			name = Release;
		};
/* End XCBuildConfiguration section */

/* Begin XCConfigurationList section */
		EBC264DE1B68C2E800C07B74 /* Build configuration list for PBXProject "TBNetworking" */ = {
			isa = XCConfigurationList;
			buildConfigurations = (
				EBC265041B68C2E800C07B74 /* Debug */,
				EBC265051B68C2E800C07B74 /* Release */,
			);
			defaultConfigurationIsVisible = 0;
			defaultConfigurationName = Release;
		};
		EBC265061B68C2E800C07B74 /* Build configuration list for PBXNativeTarget "TBNetworking" */ = {
			isa = XCConfigurationList;
			buildConfigurations = (
				EBC265071B68C2E800C07B74 /* Debug */,
				EBC265081B68C2E800C07B74 /* Release */,
			);
			defaultConfigurationIsVisible = 0;
			defaultConfigurationName = Release;
		};
		EBC265091B68C2E800C07B74 /* Build configuration list for PBXNativeTarget "TBNetworkingTests" */ = {
			isa = XCConfigurationList;
			buildConfigurations = (
				EBC2650A1B68C2E800C07B74 /* Debug */,
				EBC2650B1B68C2E800C07B74 /* Release */,
			);
			defaultConfigurationIsVisible = 0;
			defaultConfigurationName = Release;
		};
/* End XCConfigurationList section */
	};
	rootObject = EBC264DB1B68C2E800C07B74 /* Project object */;
}
